
Microsoft Visual Studio Solution File, Format Version 12.00
# Visual Studio 2012
Project("{2150E333-8FDC-42A3-9474-1A3956D46DE8}") = "Server", "Server", "{8D435E3F-331D-4C47-8DF7-C7EB37B4018F}"
EndProject
Project("{2150E333-8FDC-42A3-9474-1A3956D46DE8}") = "Client", "Client", "{8ECE2436-400E-4192-A762-13D9393B8005}"
EndProject
Project("{FAE04EC0-301F-11D3-BF4B-00C04F79EFBC}") = "SextantTG.IDAL", "SextantTG.IDAL\SextantTG.IDAL.csproj", "{7B30ECE6-DFFB-477F-B0DA-58AED795687B}"
EndProject
Project("{FAE04EC0-301F-11D3-BF4B-00C04F79EFBC}") = "SextantTG.DbUtil", "SextantTG.DBUtil\SextantTG.DbUtil.csproj", "{0D10F093-09C6-4F15-B904-8023B55630CF}"
EndProject
Project("{FAE04EC0-301F-11D3-BF4B-00C04F79EFBC}") = "SextantTG.Util", "SextantTG.Util\SextantTG.Util.csproj", "{2BFB5DFD-3BCF-45B9-92D2-E7A24A3343A7}"
EndProject
Project("{FAE04EC0-301F-11D3-BF4B-00C04F79EFBC}") = "SextantTG.Services", "SextantTG.Services\SextantTG.Services.csproj", "{6067CAE1-406C-44F2-8B68-823595B491C5}"
EndProject
Project("{FAE04EC0-301F-11D3-BF4B-00C04F79EFBC}") = "SextantTG.ActiveRecord", "SextantTG.ActiveRecord\SextantTG.ActiveRecord.csproj", "{DD4377A0-3082-4F4E-BF11-FD95D6B6B798}"
EndProject
Project("{FAE04EC0-301F-11D3-BF4B-00C04F79EFBC}") = "SextantTG.IServices", "SextantTG.IServices\SextantTG.IServices.csproj", "{A8D6C61A-6C22-438A-99FF-A598575D6B6B}"
EndProject
Project("{FAE04EC0-301F-11D3-BF4B-00C04F79EFBC}") = "SextantTG.ServerTest", "SextantTG.ServerTest\SextantTG.ServerTest.csproj", "{8DB06A46-1F6A-43B8-B885-E3B8C26F24A6}"
EndProject
Project("{FAE04EC0-301F-11D3-BF4B-00C04F79EFBC}") = "SextantTG.Win", "SextantTG.Win\SextantTG.Win.csproj", "{AB930CED-76D7-4789-9EC9-F1BEA06F7ED0}"
EndProject
Project("{FAE04EC0-301F-11D3-BF4B-00C04F79EFBC}") = "SextantTG.Assertion", "SextantTG.Assertion\SextantTG.Assertion.csproj", "{AEB75258-2317-42D3-8DFF-E0591123DC6F}"
EndProject
Project("{FAE04EC0-301F-11D3-BF4B-00C04F79EFBC}") = "SextantTG.SQLiteDAL", "SextantTG.SQLiteDAL\SextantTG.SQLiteDAL.csproj", "{E8DB7C60-3532-4CE4-B527-9EE4270B5890}"
EndProject
Project("{FAE04EC0-301F-11D3-BF4B-00C04F79EFBC}") = "SextantTG.ILogUtil", "SextantTG.ILogUtil\SextantTG.ILogUtil.csproj", "{E60E6F01-09CD-4F26-9D6D-FAAD5245765D}"
EndProject
Project("{FAE04EC0-301F-11D3-BF4B-00C04F79EFBC}") = "SextantTG.Log4Net", "SextantTG.Log4Net\SextantTG.Log4Net.csproj", "{75AC75D6-9DA9-40BF-9AC5-381C95DE4742}"
EndProject
Project("{FAE04EC0-301F-11D3-BF4B-00C04F79EFBC}") = "SextantTG.STGNLog", "SextantTG.STGNLog\SextantTG.STGNLog.csproj", "{DC9CEF40-87C5-46FB-AB71-9316F50D2804}"
EndProject
Project("{FAE04EC0-301F-11D3-BF4B-00C04F79EFBC}") = "SextantTG.OracleDAL", "SextantTG.OracleDAL\SextantTG.OracleDAL.csproj", "{8777C63D-9D38-4F10-A013-F64A50BEAF7A}"
EndProject
Project("{FAE04EC0-301F-11D3-BF4B-00C04F79EFBC}") = "SextantTG.PSAop", "SextantTG.PSAop\SextantTG.PSAop.csproj", "{5841261D-AAE8-4187-815B-1DFBA59367F7}"
EndProject
Project("{FAE04EC0-301F-11D3-BF4B-00C04F79EFBC}") = "SextantTG.WebServices", "SextantTG.WebServices\SextantTG.WebServices.csproj", "{7E296499-2FAD-4184-BC39-A755B9EC13FF}"
EndProject
Global
	GlobalSection(SolutionConfigurationPlatforms) = preSolution
		Debug|Any CPU = Debug|Any CPU
		Debug|Mixed Platforms = Debug|Mixed Platforms
		Debug|Win32 = Debug|Win32
		Debug|x86 = Debug|x86
		Release|Any CPU = Release|Any CPU
		Release|Mixed Platforms = Release|Mixed Platforms
		Release|Win32 = Release|Win32
		Release|x86 = Release|x86
	EndGlobalSection
	GlobalSection(ProjectConfigurationPlatforms) = postSolution
		{7B30ECE6-DFFB-477F-B0DA-58AED795687B}.Debug|Any CPU.ActiveCfg = Debug|Any CPU
		{7B30ECE6-DFFB-477F-B0DA-58AED795687B}.Debug|Any CPU.Build.0 = Debug|Any CPU
		{7B30ECE6-DFFB-477F-B0DA-58AED795687B}.Debug|Mixed Platforms.ActiveCfg = Debug|Any CPU
		{7B30ECE6-DFFB-477F-B0DA-58AED795687B}.Debug|Mixed Platforms.Build.0 = Debug|Any CPU
		{7B30ECE6-DFFB-477F-B0DA-58AED795687B}.Debug|Win32.ActiveCfg = Debug|Any CPU
		{7B30ECE6-DFFB-477F-B0DA-58AED795687B}.Debug|x86.ActiveCfg = Debug|Any CPU
		{7B30ECE6-DFFB-477F-B0DA-58AED795687B}.Release|Any CPU.ActiveCfg = Release|Any CPU
		{7B30ECE6-DFFB-477F-B0DA-58AED795687B}.Release|Any CPU.Build.0 = Release|Any CPU
		{7B30ECE6-DFFB-477F-B0DA-58AED795687B}.Release|Mixed Platforms.ActiveCfg = Release|Any CPU
		{7B30ECE6-DFFB-477F-B0DA-58AED795687B}.Release|Mixed Platforms.Build.0 = Release|Any CPU
		{7B30ECE6-DFFB-477F-B0DA-58AED795687B}.Release|Win32.ActiveCfg = Release|Any CPU
		{7B30ECE6-DFFB-477F-B0DA-58AED795687B}.Release|x86.ActiveCfg = Release|Any CPU
		{0D10F093-09C6-4F15-B904-8023B55630CF}.Debug|Any CPU.ActiveCfg = Debug|Any CPU
		{0D10F093-09C6-4F15-B904-8023B55630CF}.Debug|Any CPU.Build.0 = Debug|Any CPU
		{0D10F093-09C6-4F15-B904-8023B55630CF}.Debug|Mixed Platforms.ActiveCfg = Debug|Any CPU
		{0D10F093-09C6-4F15-B904-8023B55630CF}.Debug|Mixed Platforms.Build.0 = Debug|Any CPU
		{0D10F093-09C6-4F15-B904-8023B55630CF}.Debug|Win32.ActiveCfg = Debug|Any CPU
		{0D10F093-09C6-4F15-B904-8023B55630CF}.Debug|x86.ActiveCfg = Debug|Any CPU
		{0D10F093-09C6-4F15-B904-8023B55630CF}.Release|Any CPU.ActiveCfg = Release|Any CPU
		{0D10F093-09C6-4F15-B904-8023B55630CF}.Release|Any CPU.Build.0 = Release|Any CPU
		{0D10F093-09C6-4F15-B904-8023B55630CF}.Release|Mixed Platforms.ActiveCfg = Release|Any CPU
		{0D10F093-09C6-4F15-B904-8023B55630CF}.Release|Mixed Platforms.Build.0 = Release|Any CPU
		{0D10F093-09C6-4F15-B904-8023B55630CF}.Release|Win32.ActiveCfg = Release|Any CPU
		{0D10F093-09C6-4F15-B904-8023B55630CF}.Release|x86.ActiveCfg = Release|Any CPU
		{2BFB5DFD-3BCF-45B9-92D2-E7A24A3343A7}.Debug|Any CPU.ActiveCfg = Debug|Any CPU
		{2BFB5DFD-3BCF-45B9-92D2-E7A24A3343A7}.Debug|Any CPU.Build.0 = Debug|Any CPU
		{2BFB5DFD-3BCF-45B9-92D2-E7A24A3343A7}.Debug|Mixed Platforms.ActiveCfg = Debug|Any CPU
		{2BFB5DFD-3BCF-45B9-92D2-E7A24A3343A7}.Debug|Mixed Platforms.Build.0 = Debug|Any CPU
		{2BFB5DFD-3BCF-45B9-92D2-E7A24A3343A7}.Debug|Win32.ActiveCfg = Debug|Any CPU
		{2BFB5DFD-3BCF-45B9-92D2-E7A24A3343A7}.Debug|x86.ActiveCfg = Debug|Any CPU
		{2BFB5DFD-3BCF-45B9-92D2-E7A24A3343A7}.Release|Any CPU.ActiveCfg = Release|Any CPU
		{2BFB5DFD-3BCF-45B9-92D2-E7A24A3343A7}.Release|Any CPU.Build.0 = Release|Any CPU
		{2BFB5DFD-3BCF-45B9-92D2-E7A24A3343A7}.Release|Mixed Platforms.ActiveCfg = Release|Any CPU
		{2BFB5DFD-3BCF-45B9-92D2-E7A24A3343A7}.Release|Mixed Platforms.Build.0 = Release|Any CPU
		{2BFB5DFD-3BCF-45B9-92D2-E7A24A3343A7}.Release|Win32.ActiveCfg = Release|Any CPU
		{2BFB5DFD-3BCF-45B9-92D2-E7A24A3343A7}.Release|x86.ActiveCfg = Release|Any CPU
		{6067CAE1-406C-44F2-8B68-823595B491C5}.Debug|Any CPU.ActiveCfg = Debug|Any CPU
		{6067CAE1-406C-44F2-8B68-823595B491C5}.Debug|Any CPU.Build.0 = Debug|Any CPU
		{6067CAE1-406C-44F2-8B68-823595B491C5}.Debug|Mixed Platforms.ActiveCfg = Debug|Any CPU
		{6067CAE1-406C-44F2-8B68-823595B491C5}.Debug|Mixed Platforms.Build.0 = Debug|Any CPU
		{6067CAE1-406C-44F2-8B68-823595B491C5}.Debug|Win32.ActiveCfg = Debug|Any CPU
		{6067CAE1-406C-44F2-8B68-823595B491C5}.Debug|x86.ActiveCfg = Debug|Any CPU
		{6067CAE1-406C-44F2-8B68-823595B491C5}.Release|Any CPU.ActiveCfg = Release|Any CPU
		{6067CAE1-406C-44F2-8B68-823595B491C5}.Release|Any CPU.Build.0 = Release|Any CPU
		{6067CAE1-406C-44F2-8B68-823595B491C5}.Release|Mixed Platforms.ActiveCfg = Release|Any CPU
		{6067CAE1-406C-44F2-8B68-823595B491C5}.Release|Mixed Platforms.Build.0 = Release|Any CPU
		{6067CAE1-406C-44F2-8B68-823595B491C5}.Release|Win32.ActiveCfg = Release|Any CPU
		{6067CAE1-406C-44F2-8B68-823595B491C5}.Release|x86.ActiveCfg = Release|Any CPU
		{DD4377A0-3082-4F4E-BF11-FD95D6B6B798}.Debug|Any CPU.ActiveCfg = Debug|Any CPU
		{DD4377A0-3082-4F4E-BF11-FD95D6B6B798}.Debug|Any CPU.Build.0 = Debug|Any CPU
		{DD4377A0-3082-4F4E-BF11-FD95D6B6B798}.Debug|Mixed Platforms.ActiveCfg = Debug|Any CPU
		{DD4377A0-3082-4F4E-BF11-FD95D6B6B798}.Debug|Mixed Platforms.Build.0 = Debug|Any CPU
		{DD4377A0-3082-4F4E-BF11-FD95D6B6B798}.Debug|Win32.ActiveCfg = Debug|Any CPU
		{DD4377A0-3082-4F4E-BF11-FD95D6B6B798}.Debug|x86.ActiveCfg = Debug|Any CPU
		{DD4377A0-3082-4F4E-BF11-FD95D6B6B798}.Release|Any CPU.ActiveCfg = Release|Any CPU
		{DD4377A0-3082-4F4E-BF11-FD95D6B6B798}.Release|Any CPU.Build.0 = Release|Any CPU
		{DD4377A0-3082-4F4E-BF11-FD95D6B6B798}.Release|Mixed Platforms.ActiveCfg = Release|Any CPU
		{DD4377A0-3082-4F4E-BF11-FD95D6B6B798}.Release|Mixed Platforms.Build.0 = Release|Any CPU
		{DD4377A0-3082-4F4E-BF11-FD95D6B6B798}.Release|Win32.ActiveCfg = Release|Any CPU
		{DD4377A0-3082-4F4E-BF11-FD95D6B6B798}.Release|x86.ActiveCfg = Release|Any CPU
		{A8D6C61A-6C22-438A-99FF-A598575D6B6B}.Debug|Any CPU.ActiveCfg = Debug|Any CPU
		{A8D6C61A-6C22-438A-99FF-A598575D6B6B}.Debug|Any CPU.Build.0 = Debug|Any CPU
		{A8D6C61A-6C22-438A-99FF-A598575D6B6B}.Debug|Mixed Platforms.ActiveCfg = Debug|Any CPU
		{A8D6C61A-6C22-438A-99FF-A598575D6B6B}.Debug|Mixed Platforms.Build.0 = Debug|Any CPU
		{A8D6C61A-6C22-438A-99FF-A598575D6B6B}.Debug|Win32.ActiveCfg = Debug|Any CPU
		{A8D6C61A-6C22-438A-99FF-A598575D6B6B}.Debug|x86.ActiveCfg = Debug|Any CPU
		{A8D6C61A-6C22-438A-99FF-A598575D6B6B}.Release|Any CPU.ActiveCfg = Release|Any CPU
		{A8D6C61A-6C22-438A-99FF-A598575D6B6B}.Release|Any CPU.Build.0 = Release|Any CPU
		{A8D6C61A-6C22-438A-99FF-A598575D6B6B}.Release|Mixed Platforms.ActiveCfg = Release|Any CPU
		{A8D6C61A-6C22-438A-99FF-A598575D6B6B}.Release|Mixed Platforms.Build.0 = Release|Any CPU
		{A8D6C61A-6C22-438A-99FF-A598575D6B6B}.Release|Win32.ActiveCfg = Release|Any CPU
		{A8D6C61A-6C22-438A-99FF-A598575D6B6B}.Release|x86.ActiveCfg = Release|Any CPU
		{8DB06A46-1F6A-43B8-B885-E3B8C26F24A6}.Debug|Any CPU.ActiveCfg = Debug|Any CPU
		{8DB06A46-1F6A-43B8-B885-E3B8C26F24A6}.Debug|Any CPU.Build.0 = Debug|Any CPU
		{8DB06A46-1F6A-43B8-B885-E3B8C26F24A6}.Debug|Mixed Platforms.ActiveCfg = Debug|Any CPU
		{8DB06A46-1F6A-43B8-B885-E3B8C26F24A6}.Debug|Mixed Platforms.Build.0 = Debug|Any CPU
		{8DB06A46-1F6A-43B8-B885-E3B8C26F24A6}.Debug|Win32.ActiveCfg = Debug|Any CPU
		{8DB06A46-1F6A-43B8-B885-E3B8C26F24A6}.Debug|x86.ActiveCfg = Debug|Any CPU
		{8DB06A46-1F6A-43B8-B885-E3B8C26F24A6}.Release|Any CPU.ActiveCfg = Release|Any CPU
		{8DB06A46-1F6A-43B8-B885-E3B8C26F24A6}.Release|Any CPU.Build.0 = Release|Any CPU
		{8DB06A46-1F6A-43B8-B885-E3B8C26F24A6}.Release|Mixed Platforms.ActiveCfg = Release|Any CPU
		{8DB06A46-1F6A-43B8-B885-E3B8C26F24A6}.Release|Mixed Platforms.Build.0 = Release|Any CPU
		{8DB06A46-1F6A-43B8-B885-E3B8C26F24A6}.Release|Win32.ActiveCfg = Release|Any CPU
		{8DB06A46-1F6A-43B8-B885-E3B8C26F24A6}.Release|x86.ActiveCfg = Release|Any CPU
		{AB930CED-76D7-4789-9EC9-F1BEA06F7ED0}.Debug|Any CPU.ActiveCfg = Debug|Any CPU
		{AB930CED-76D7-4789-9EC9-F1BEA06F7ED0}.Debug|Any CPU.Build.0 = Debug|Any CPU
		{AB930CED-76D7-4789-9EC9-F1BEA06F7ED0}.Debug|Mixed Platforms.ActiveCfg = Debug|Any CPU
		{AB930CED-76D7-4789-9EC9-F1BEA06F7ED0}.Debug|Mixed Platforms.Build.0 = Debug|Any CPU
		{AB930CED-76D7-4789-9EC9-F1BEA06F7ED0}.Debug|Win32.ActiveCfg = Debug|Any CPU
		{AB930CED-76D7-4789-9EC9-F1BEA06F7ED0}.Debug|x86.ActiveCfg = Debug|Any CPU
		{AB930CED-76D7-4789-9EC9-F1BEA06F7ED0}.Release|Any CPU.ActiveCfg = Release|Any CPU
		{AB930CED-76D7-4789-9EC9-F1BEA06F7ED0}.Release|Any CPU.Build.0 = Release|Any CPU
		{AB930CED-76D7-4789-9EC9-F1BEA06F7ED0}.Release|Mixed Platforms.ActiveCfg = Release|Any CPU
		{AB930CED-76D7-4789-9EC9-F1BEA06F7ED0}.Release|Mixed Platforms.Build.0 = Release|Any CPU
		{AB930CED-76D7-4789-9EC9-F1BEA06F7ED0}.Release|Win32.ActiveCfg = Release|Any CPU
		{AB930CED-76D7-4789-9EC9-F1BEA06F7ED0}.Release|x86.ActiveCfg = Release|Any CPU
		{AEB75258-2317-42D3-8DFF-E0591123DC6F}.Debug|Any CPU.ActiveCfg = Debug|Any CPU
		{AEB75258-2317-42D3-8DFF-E0591123DC6F}.Debug|Any CPU.Build.0 = Debug|Any CPU
		{AEB75258-2317-42D3-8DFF-E0591123DC6F}.Debug|Mixed Platforms.ActiveCfg = Debug|Any CPU
		{AEB75258-2317-42D3-8DFF-E0591123DC6F}.Debug|Mixed Platforms.Build.0 = Debug|Any CPU
		{AEB75258-2317-42D3-8DFF-E0591123DC6F}.Debug|Win32.ActiveCfg = Debug|Any CPU
		{AEB75258-2317-42D3-8DFF-E0591123DC6F}.Debug|x86.ActiveCfg = Debug|Any CPU
		{AEB75258-2317-42D3-8DFF-E0591123DC6F}.Release|Any CPU.ActiveCfg = Release|Any CPU
		{AEB75258-2317-42D3-8DFF-E0591123DC6F}.Release|Any CPU.Build.0 = Release|Any CPU
		{AEB75258-2317-42D3-8DFF-E0591123DC6F}.Release|Mixed Platforms.ActiveCfg = Release|Any CPU
		{AEB75258-2317-42D3-8DFF-E0591123DC6F}.Release|Mixed Platforms.Build.0 = Release|Any CPU
		{AEB75258-2317-42D3-8DFF-E0591123DC6F}.Release|Win32.ActiveCfg = Release|Any CPU
		{AEB75258-2317-42D3-8DFF-E0591123DC6F}.Release|x86.ActiveCfg = Release|Any CPU
		{E8DB7C60-3532-4CE4-B527-9EE4270B5890}.Debug|Any CPU.ActiveCfg = Debug|Any CPU
		{E8DB7C60-3532-4CE4-B527-9EE4270B5890}.Debug|Any CPU.Build.0 = Debug|Any CPU
		{E8DB7C60-3532-4CE4-B527-9EE4270B5890}.Debug|Mixed Platforms.ActiveCfg = Debug|Any CPU
		{E8DB7C60-3532-4CE4-B527-9EE4270B5890}.Debug|Mixed Platforms.Build.0 = Debug|Any CPU
		{E8DB7C60-3532-4CE4-B527-9EE4270B5890}.Debug|Win32.ActiveCfg = Debug|Any CPU
		{E8DB7C60-3532-4CE4-B527-9EE4270B5890}.Debug|x86.ActiveCfg = Debug|Any CPU
		{E8DB7C60-3532-4CE4-B527-9EE4270B5890}.Release|Any CPU.ActiveCfg = Release|Any CPU
		{E8DB7C60-3532-4CE4-B527-9EE4270B5890}.Release|Any CPU.Build.0 = Release|Any CPU
		{E8DB7C60-3532-4CE4-B527-9EE4270B5890}.Release|Mixed Platforms.ActiveCfg = Release|Any CPU
		{E8DB7C60-3532-4CE4-B527-9EE4270B5890}.Release|Mixed Platforms.Build.0 = Release|Any CPU
		{E8DB7C60-3532-4CE4-B527-9EE4270B5890}.Release|Win32.ActiveCfg = Release|Any CPU
		{E8DB7C60-3532-4CE4-B527-9EE4270B5890}.Release|x86.ActiveCfg = Release|Any CPU
		{E60E6F01-09CD-4F26-9D6D-FAAD5245765D}.Debug|Any CPU.ActiveCfg = Debug|Any CPU
		{E60E6F01-09CD-4F26-9D6D-FAAD5245765D}.Debug|Any CPU.Build.0 = Debug|Any CPU
		{E60E6F01-09CD-4F26-9D6D-FAAD5245765D}.Debug|Mixed Platforms.ActiveCfg = Debug|Any CPU
		{E60E6F01-09CD-4F26-9D6D-FAAD5245765D}.Debug|Mixed Platforms.Build.0 = Debug|Any CPU
		{E60E6F01-09CD-4F26-9D6D-FAAD5245765D}.Debug|Win32.ActiveCfg = Debug|Any CPU
		{E60E6F01-09CD-4F26-9D6D-FAAD5245765D}.Debug|x86.ActiveCfg = Debug|Any CPU
		{E60E6F01-09CD-4F26-9D6D-FAAD5245765D}.Release|Any CPU.ActiveCfg = Release|Any CPU
		{E60E6F01-09CD-4F26-9D6D-FAAD5245765D}.Release|Any CPU.Build.0 = Release|Any CPU
		{E60E6F01-09CD-4F26-9D6D-FAAD5245765D}.Release|Mixed Platforms.ActiveCfg = Release|Any CPU
		{E60E6F01-09CD-4F26-9D6D-FAAD5245765D}.Release|Mixed Platforms.Build.0 = Release|Any CPU
		{E60E6F01-09CD-4F26-9D6D-FAAD5245765D}.Release|Win32.ActiveCfg = Release|Any CPU
		{E60E6F01-09CD-4F26-9D6D-FAAD5245765D}.Release|x86.ActiveCfg = Release|Any CPU
		{75AC75D6-9DA9-40BF-9AC5-381C95DE4742}.Debug|Any CPU.ActiveCfg = Debug|Any CPU
		{75AC75D6-9DA9-40BF-9AC5-381C95DE4742}.Debug|Any CPU.Build.0 = Debug|Any CPU
		{75AC75D6-9DA9-40BF-9AC5-381C95DE4742}.Debug|Mixed Platforms.ActiveCfg = Debug|Any CPU
		{75AC75D6-9DA9-40BF-9AC5-381C95DE4742}.Debug|Mixed Platforms.Build.0 = Debug|Any CPU
		{75AC75D6-9DA9-40BF-9AC5-381C95DE4742}.Debug|Win32.ActiveCfg = Debug|Any CPU
		{75AC75D6-9DA9-40BF-9AC5-381C95DE4742}.Debug|x86.ActiveCfg = Debug|Any CPU
		{75AC75D6-9DA9-40BF-9AC5-381C95DE4742}.Release|Any CPU.ActiveCfg = Release|Any CPU
		{75AC75D6-9DA9-40BF-9AC5-381C95DE4742}.Release|Any CPU.Build.0 = Release|Any CPU
		{75AC75D6-9DA9-40BF-9AC5-381C95DE4742}.Release|Mixed Platforms.ActiveCfg = Release|Any CPU
		{75AC75D6-9DA9-40BF-9AC5-381C95DE4742}.Release|Mixed Platforms.Build.0 = Release|Any CPU
		{75AC75D6-9DA9-40BF-9AC5-381C95DE4742}.Release|Win32.ActiveCfg = Release|Any CPU
		{75AC75D6-9DA9-40BF-9AC5-381C95DE4742}.Release|x86.ActiveCfg = Release|Any CPU
		{DC9CEF40-87C5-46FB-AB71-9316F50D2804}.Debug|Any CPU.ActiveCfg = Debug|Any CPU
		{DC9CEF40-87C5-46FB-AB71-9316F50D2804}.Debug|Any CPU.Build.0 = Debug|Any CPU
		{DC9CEF40-87C5-46FB-AB71-9316F50D2804}.Debug|Mixed Platforms.ActiveCfg = Debug|Any CPU
		{DC9CEF40-87C5-46FB-AB71-9316F50D2804}.Debug|Mixed Platforms.Build.0 = Debug|Any CPU
		{DC9CEF40-87C5-46FB-AB71-9316F50D2804}.Debug|Win32.ActiveCfg = Debug|Any CPU
		{DC9CEF40-87C5-46FB-AB71-9316F50D2804}.Debug|x86.ActiveCfg = Debug|Any CPU
		{DC9CEF40-87C5-46FB-AB71-9316F50D2804}.Release|Any CPU.ActiveCfg = Release|Any CPU
		{DC9CEF40-87C5-46FB-AB71-9316F50D2804}.Release|Any CPU.Build.0 = Release|Any CPU
		{DC9CEF40-87C5-46FB-AB71-9316F50D2804}.Release|Mixed Platforms.ActiveCfg = Release|Any CPU
		{DC9CEF40-87C5-46FB-AB71-9316F50D2804}.Release|Mixed Platforms.Build.0 = Release|Any CPU
		{DC9CEF40-87C5-46FB-AB71-9316F50D2804}.Release|Win32.ActiveCfg = Release|Any CPU
		{DC9CEF40-87C5-46FB-AB71-9316F50D2804}.Release|x86.ActiveCfg = Release|Any CPU
		{8777C63D-9D38-4F10-A013-F64A50BEAF7A}.Debug|Any CPU.ActiveCfg = Debug|Any CPU
		{8777C63D-9D38-4F10-A013-F64A50BEAF7A}.Debug|Any CPU.Build.0 = Debug|Any CPU
		{8777C63D-9D38-4F10-A013-F64A50BEAF7A}.Debug|Mixed Platforms.ActiveCfg = Debug|Any CPU
		{8777C63D-9D38-4F10-A013-F64A50BEAF7A}.Debug|Mixed Platforms.Build.0 = Debug|Any CPU
		{8777C63D-9D38-4F10-A013-F64A50BEAF7A}.Debug|Win32.ActiveCfg = Debug|Any CPU
		{8777C63D-9D38-4F10-A013-F64A50BEAF7A}.Debug|x86.ActiveCfg = Debug|Any CPU
		{8777C63D-9D38-4F10-A013-F64A50BEAF7A}.Release|Any CPU.ActiveCfg = Release|Any CPU
		{8777C63D-9D38-4F10-A013-F64A50BEAF7A}.Release|Any CPU.Build.0 = Release|Any CPU
		{8777C63D-9D38-4F10-A013-F64A50BEAF7A}.Release|Mixed Platforms.ActiveCfg = Release|Any CPU
		{8777C63D-9D38-4F10-A013-F64A50BEAF7A}.Release|Mixed Platforms.Build.0 = Release|Any CPU
		{8777C63D-9D38-4F10-A013-F64A50BEAF7A}.Release|Win32.ActiveCfg = Release|Any CPU
		{8777C63D-9D38-4F10-A013-F64A50BEAF7A}.Release|x86.ActiveCfg = Release|Any CPU
		{5841261D-AAE8-4187-815B-1DFBA59367F7}.Debug|Any CPU.ActiveCfg = Debug|Any CPU
		{5841261D-AAE8-4187-815B-1DFBA59367F7}.Debug|Any CPU.Build.0 = Debug|Any CPU
		{5841261D-AAE8-4187-815B-1DFBA59367F7}.Debug|Mixed Platforms.ActiveCfg = Debug|Any CPU
		{5841261D-AAE8-4187-815B-1DFBA59367F7}.Debug|Mixed Platforms.Build.0 = Debug|Any CPU
		{5841261D-AAE8-4187-815B-1DFBA59367F7}.Debug|Win32.ActiveCfg = Debug|Any CPU
		{5841261D-AAE8-4187-815B-1DFBA59367F7}.Debug|x86.ActiveCfg = Debug|Any CPU
		{5841261D-AAE8-4187-815B-1DFBA59367F7}.Release|Any CPU.ActiveCfg = Release|Any CPU
		{5841261D-AAE8-4187-815B-1DFBA59367F7}.Release|Any CPU.Build.0 = Release|Any CPU
		{5841261D-AAE8-4187-815B-1DFBA59367F7}.Release|Mixed Platforms.ActiveCfg = Release|Any CPU
		{5841261D-AAE8-4187-815B-1DFBA59367F7}.Release|Mixed Platforms.Build.0 = Release|Any CPU
		{5841261D-AAE8-4187-815B-1DFBA59367F7}.Release|Win32.ActiveCfg = Release|Any CPU
		{5841261D-AAE8-4187-815B-1DFBA59367F7}.Release|x86.ActiveCfg = Release|Any CPU
		{7E296499-2FAD-4184-BC39-A755B9EC13FF}.Debug|Any CPU.ActiveCfg = Debug|Any CPU
		{7E296499-2FAD-4184-BC39-A755B9EC13FF}.Debug|Any CPU.Build.0 = Debug|Any CPU
		{7E296499-2FAD-4184-BC39-A755B9EC13FF}.Debug|Mixed Platforms.ActiveCfg = Debug|Any CPU
		{7E296499-2FAD-4184-BC39-A755B9EC13FF}.Debug|Mixed Platforms.Build.0 = Debug|Any CPU
		{7E296499-2FAD-4184-BC39-A755B9EC13FF}.Debug|Win32.ActiveCfg = Debug|Any CPU
		{7E296499-2FAD-4184-BC39-A755B9EC13FF}.Debug|x86.ActiveCfg = Debug|Any CPU
		{7E296499-2FAD-4184-BC39-A755B9EC13FF}.Release|Any CPU.ActiveCfg = Release|Any CPU
		{7E296499-2FAD-4184-BC39-A755B9EC13FF}.Release|Any CPU.Build.0 = Release|Any CPU
		{7E296499-2FAD-4184-BC39-A755B9EC13FF}.Release|Mixed Platforms.ActiveCfg = Release|Any CPU
		{7E296499-2FAD-4184-BC39-A755B9EC13FF}.Release|Mixed Platforms.Build.0 = Release|Any CPU
		{7E296499-2FAD-4184-BC39-A755B9EC13FF}.Release|Win32.ActiveCfg = Release|Any CPU
		{7E296499-2FAD-4184-BC39-A755B9EC13FF}.Release|x86.ActiveCfg = Release|Any CPU
	EndGlobalSection
	GlobalSection(SolutionProperties) = preSolution
		HideSolutionNode = FALSE
	EndGlobalSection
	GlobalSection(NestedProjects) = preSolution
		{7B30ECE6-DFFB-477F-B0DA-58AED795687B} = {8D435E3F-331D-4C47-8DF7-C7EB37B4018F}
		{0D10F093-09C6-4F15-B904-8023B55630CF} = {8D435E3F-331D-4C47-8DF7-C7EB37B4018F}
		{2BFB5DFD-3BCF-45B9-92D2-E7A24A3343A7} = {8D435E3F-331D-4C47-8DF7-C7EB37B4018F}
		{6067CAE1-406C-44F2-8B68-823595B491C5} = {8D435E3F-331D-4C47-8DF7-C7EB37B4018F}
		{DD4377A0-3082-4F4E-BF11-FD95D6B6B798} = {8D435E3F-331D-4C47-8DF7-C7EB37B4018F}
		{A8D6C61A-6C22-438A-99FF-A598575D6B6B} = {8D435E3F-331D-4C47-8DF7-C7EB37B4018F}
		{8DB06A46-1F6A-43B8-B885-E3B8C26F24A6} = {8D435E3F-331D-4C47-8DF7-C7EB37B4018F}
		{AEB75258-2317-42D3-8DFF-E0591123DC6F} = {8D435E3F-331D-4C47-8DF7-C7EB37B4018F}
		{E8DB7C60-3532-4CE4-B527-9EE4270B5890} = {8D435E3F-331D-4C47-8DF7-C7EB37B4018F}
		{E60E6F01-09CD-4F26-9D6D-FAAD5245765D} = {8D435E3F-331D-4C47-8DF7-C7EB37B4018F}
		{75AC75D6-9DA9-40BF-9AC5-381C95DE4742} = {8D435E3F-331D-4C47-8DF7-C7EB37B4018F}
		{DC9CEF40-87C5-46FB-AB71-9316F50D2804} = {8D435E3F-331D-4C47-8DF7-C7EB37B4018F}
		{8777C63D-9D38-4F10-A013-F64A50BEAF7A} = {8D435E3F-331D-4C47-8DF7-C7EB37B4018F}
		{5841261D-AAE8-4187-815B-1DFBA59367F7} = {8D435E3F-331D-4C47-8DF7-C7EB37B4018F}
		{7E296499-2FAD-4184-BC39-A755B9EC13FF} = {8D435E3F-331D-4C47-8DF7-C7EB37B4018F}
		{AB930CED-76D7-4789-9EC9-F1BEA06F7ED0} = {8ECE2436-400E-4192-A762-13D9393B8005}
	EndGlobalSection
EndGlobal
