
Microsoft Visual Studio Solution File, Format Version 11.00
# Visual Studio 2010
Project("{2150E333-8FDC-42A3-9474-1A3956D46DE8}") = "Server", "Server", "{8D435E3F-331D-4C47-8DF7-C7EB37B4018F}"
EndProject
Project("{2150E333-8FDC-42A3-9474-1A3956D46DE8}") = "Client", "Client", "{8ECE2436-400E-4192-A762-13D9393B8005}"
EndProject
Project("{FAE04EC0-301F-11D3-BF4B-00C04F79EFBC}") = "SextantTG.IDAL", "SextantTG.IDAL\SextantTG.IDAL.csproj", "{7B30ECE6-DFFB-477F-B0DA-58AED795687B}"
EndProject
Project("{FAE04EC0-301F-11D3-BF4B-00C04F79EFBC}") = "SextantTG.SQLiteDAL", "SextantTG.SQLiteDAL\SextantTG.SQLiteDAL.csproj", "{E8DB7C60-3532-4CE4-B527-9EE4270B5890}"
EndProject
Project("{FAE04EC0-301F-11D3-BF4B-00C04F79EFBC}") = "SextantTG.DbUtil", "SextantTG.DBUtil\SextantTG.DbUtil.csproj", "{0D10F093-09C6-4F15-B904-8023B55630CF}"
EndProject
Project("{FAE04EC0-301F-11D3-BF4B-00C04F79EFBC}") = "SextantTG.Util", "SextantTG.Util\SextantTG.Util.csproj", "{2BFB5DFD-3BCF-45B9-92D2-E7A24A3343A7}"
EndProject
Project("{FAE04EC0-301F-11D3-BF4B-00C04F79EFBC}") = "SextantTG.Services", "SextantTG.Services\SextantTG.Services.csproj", "{6067CAE1-406C-44F2-8B68-823595B491C5}"
EndProject
Project("{FAE04EC0-301F-11D3-BF4B-00C04F79EFBC}") = "SextantTG.ActiveRecord", "SextantTG.ActiveRecord\SextantTG.ActiveRecord.csproj", "{DD4377A0-3082-4F4E-BF11-FD95D6B6B798}"
EndProject
Project("{FAE04EC0-301F-11D3-BF4B-00C04F79EFBC}") = "SextantTG.IServices", "SextantTG.IServices\SextantTG.IServices.csproj", "{A8D6C61A-6C22-438A-99FF-A598575D6B6B}"
EndProject
Project("{FAE04EC0-301F-11D3-BF4B-00C04F79EFBC}") = "SextantTG.ServerTest", "SextantTG.ServerTest\SextantTG.ServerTest.csproj", "{8DB06A46-1F6A-43B8-B885-E3B8C26F24A6}"
EndProject
Project("{FAE04EC0-301F-11D3-BF4B-00C04F79EFBC}") = "SextantTG.Win", "SextantTG.Win\SextantTG.Win.csproj", "{AB930CED-76D7-4789-9EC9-F1BEA06F7ED0}"
EndProject
Global
	GlobalSection(SolutionConfigurationPlatforms) = preSolution
		Debug|Any CPU = Debug|Any CPU
		Debug|Mixed Platforms = Debug|Mixed Platforms
		Debug|Win32 = Debug|Win32
		Release|Any CPU = Release|Any CPU
		Release|Mixed Platforms = Release|Mixed Platforms
		Release|Win32 = Release|Win32
	EndGlobalSection
	GlobalSection(ProjectConfigurationPlatforms) = postSolution
		{7B30ECE6-DFFB-477F-B0DA-58AED795687B}.Debug|Any CPU.ActiveCfg = Debug|Any CPU
		{7B30ECE6-DFFB-477F-B0DA-58AED795687B}.Debug|Any CPU.Build.0 = Debug|Any CPU
		{7B30ECE6-DFFB-477F-B0DA-58AED795687B}.Debug|Mixed Platforms.ActiveCfg = Debug|Any CPU
		{7B30ECE6-DFFB-477F-B0DA-58AED795687B}.Debug|Mixed Platforms.Build.0 = Debug|Any CPU
		{7B30ECE6-DFFB-477F-B0DA-58AED795687B}.Debug|Win32.ActiveCfg = Debug|Any CPU
		{7B30ECE6-DFFB-477F-B0DA-58AED795687B}.Release|Any CPU.ActiveCfg = Release|Any CPU
		{7B30ECE6-DFFB-477F-B0DA-58AED795687B}.Release|Any CPU.Build.0 = Release|Any CPU
		{7B30ECE6-DFFB-477F-B0DA-58AED795687B}.Release|Mixed Platforms.ActiveCfg = Release|Any CPU
		{7B30ECE6-DFFB-477F-B0DA-58AED795687B}.Release|Mixed Platforms.Build.0 = Release|Any CPU
		{7B30ECE6-DFFB-477F-B0DA-58AED795687B}.Release|Win32.ActiveCfg = Release|Any CPU
		{E8DB7C60-3532-4CE4-B527-9EE4270B5890}.Debug|Any CPU.ActiveCfg = Debug|Any CPU
		{E8DB7C60-3532-4CE4-B527-9EE4270B5890}.Debug|Any CPU.Build.0 = Debug|Any CPU
		{E8DB7C60-3532-4CE4-B527-9EE4270B5890}.Debug|Mixed Platforms.ActiveCfg = Debug|Any CPU
		{E8DB7C60-3532-4CE4-B527-9EE4270B5890}.Debug|Mixed Platforms.Build.0 = Debug|Any CPU
		{E8DB7C60-3532-4CE4-B527-9EE4270B5890}.Debug|Win32.ActiveCfg = Debug|Any CPU
		{E8DB7C60-3532-4CE4-B527-9EE4270B5890}.Release|Any CPU.ActiveCfg = Release|Any CPU
		{E8DB7C60-3532-4CE4-B527-9EE4270B5890}.Release|Any CPU.Build.0 = Release|Any CPU
		{E8DB7C60-3532-4CE4-B527-9EE4270B5890}.Release|Mixed Platforms.ActiveCfg = Release|Any CPU
		{E8DB7C60-3532-4CE4-B527-9EE4270B5890}.Release|Mixed Platforms.Build.0 = Release|Any CPU
		{E8DB7C60-3532-4CE4-B527-9EE4270B5890}.Release|Win32.ActiveCfg = Release|Any CPU
		{0D10F093-09C6-4F15-B904-8023B55630CF}.Debug|Any CPU.ActiveCfg = Debug|Any CPU
		{0D10F093-09C6-4F15-B904-8023B55630CF}.Debug|Any CPU.Build.0 = Debug|Any CPU
		{0D10F093-09C6-4F15-B904-8023B55630CF}.Debug|Mixed Platforms.ActiveCfg = Debug|Any CPU
		{0D10F093-09C6-4F15-B904-8023B55630CF}.Debug|Mixed Platforms.Build.0 = Debug|Any CPU
		{0D10F093-09C6-4F15-B904-8023B55630CF}.Debug|Win32.ActiveCfg = Debug|Any CPU
		{0D10F093-09C6-4F15-B904-8023B55630CF}.Release|Any CPU.ActiveCfg = Release|Any CPU
		{0D10F093-09C6-4F15-B904-8023B55630CF}.Release|Any CPU.Build.0 = Release|Any CPU
		{0D10F093-09C6-4F15-B904-8023B55630CF}.Release|Mixed Platforms.ActiveCfg = Release|Any CPU
		{0D10F093-09C6-4F15-B904-8023B55630CF}.Release|Mixed Platforms.Build.0 = Release|Any CPU
		{0D10F093-09C6-4F15-B904-8023B55630CF}.Release|Win32.ActiveCfg = Release|Any CPU
		{2BFB5DFD-3BCF-45B9-92D2-E7A24A3343A7}.Debug|Any CPU.ActiveCfg = Debug|Any CPU
		{2BFB5DFD-3BCF-45B9-92D2-E7A24A3343A7}.Debug|Any CPU.Build.0 = Debug|Any CPU
		{2BFB5DFD-3BCF-45B9-92D2-E7A24A3343A7}.Debug|Mixed Platforms.ActiveCfg = Debug|Any CPU
		{2BFB5DFD-3BCF-45B9-92D2-E7A24A3343A7}.Debug|Mixed Platforms.Build.0 = Debug|Any CPU
		{2BFB5DFD-3BCF-45B9-92D2-E7A24A3343A7}.Debug|Win32.ActiveCfg = Debug|Any CPU
		{2BFB5DFD-3BCF-45B9-92D2-E7A24A3343A7}.Release|Any CPU.ActiveCfg = Release|Any CPU
		{2BFB5DFD-3BCF-45B9-92D2-E7A24A3343A7}.Release|Any CPU.Build.0 = Release|Any CPU
		{2BFB5DFD-3BCF-45B9-92D2-E7A24A3343A7}.Release|Mixed Platforms.ActiveCfg = Release|Any CPU
		{2BFB5DFD-3BCF-45B9-92D2-E7A24A3343A7}.Release|Mixed Platforms.Build.0 = Release|Any CPU
		{2BFB5DFD-3BCF-45B9-92D2-E7A24A3343A7}.Release|Win32.ActiveCfg = Release|Any CPU
		{6067CAE1-406C-44F2-8B68-823595B491C5}.Debug|Any CPU.ActiveCfg = Debug|Any CPU
		{6067CAE1-406C-44F2-8B68-823595B491C5}.Debug|Any CPU.Build.0 = Debug|Any CPU
		{6067CAE1-406C-44F2-8B68-823595B491C5}.Debug|Mixed Platforms.ActiveCfg = Debug|Any CPU
		{6067CAE1-406C-44F2-8B68-823595B491C5}.Debug|Mixed Platforms.Build.0 = Debug|Any CPU
		{6067CAE1-406C-44F2-8B68-823595B491C5}.Debug|Win32.ActiveCfg = Debug|Any CPU
		{6067CAE1-406C-44F2-8B68-823595B491C5}.Release|Any CPU.ActiveCfg = Release|Any CPU
		{6067CAE1-406C-44F2-8B68-823595B491C5}.Release|Any CPU.Build.0 = Release|Any CPU
		{6067CAE1-406C-44F2-8B68-823595B491C5}.Release|Mixed Platforms.ActiveCfg = Release|Any CPU
		{6067CAE1-406C-44F2-8B68-823595B491C5}.Release|Mixed Platforms.Build.0 = Release|Any CPU
		{6067CAE1-406C-44F2-8B68-823595B491C5}.Release|Win32.ActiveCfg = Release|Any CPU
		{DD4377A0-3082-4F4E-BF11-FD95D6B6B798}.Debug|Any CPU.ActiveCfg = Debug|Any CPU
		{DD4377A0-3082-4F4E-BF11-FD95D6B6B798}.Debug|Any CPU.Build.0 = Debug|Any CPU
		{DD4377A0-3082-4F4E-BF11-FD95D6B6B798}.Debug|Mixed Platforms.ActiveCfg = Debug|Any CPU
		{DD4377A0-3082-4F4E-BF11-FD95D6B6B798}.Debug|Mixed Platforms.Build.0 = Debug|Any CPU
		{DD4377A0-3082-4F4E-BF11-FD95D6B6B798}.Debug|Win32.ActiveCfg = Debug|Any CPU
		{DD4377A0-3082-4F4E-BF11-FD95D6B6B798}.Release|Any CPU.ActiveCfg = Release|Any CPU
		{DD4377A0-3082-4F4E-BF11-FD95D6B6B798}.Release|Any CPU.Build.0 = Release|Any CPU
		{DD4377A0-3082-4F4E-BF11-FD95D6B6B798}.Release|Mixed Platforms.ActiveCfg = Release|Any CPU
		{DD4377A0-3082-4F4E-BF11-FD95D6B6B798}.Release|Mixed Platforms.Build.0 = Release|Any CPU
		{DD4377A0-3082-4F4E-BF11-FD95D6B6B798}.Release|Win32.ActiveCfg = Release|Any CPU
		{A8D6C61A-6C22-438A-99FF-A598575D6B6B}.Debug|Any CPU.ActiveCfg = Debug|Any CPU
		{A8D6C61A-6C22-438A-99FF-A598575D6B6B}.Debug|Any CPU.Build.0 = Debug|Any CPU
		{A8D6C61A-6C22-438A-99FF-A598575D6B6B}.Debug|Mixed Platforms.ActiveCfg = Debug|Any CPU
		{A8D6C61A-6C22-438A-99FF-A598575D6B6B}.Debug|Mixed Platforms.Build.0 = Debug|Any CPU
		{A8D6C61A-6C22-438A-99FF-A598575D6B6B}.Debug|Win32.ActiveCfg = Debug|Any CPU
		{A8D6C61A-6C22-438A-99FF-A598575D6B6B}.Release|Any CPU.ActiveCfg = Release|Any CPU
		{A8D6C61A-6C22-438A-99FF-A598575D6B6B}.Release|Any CPU.Build.0 = Release|Any CPU
		{A8D6C61A-6C22-438A-99FF-A598575D6B6B}.Release|Mixed Platforms.ActiveCfg = Release|Any CPU
		{A8D6C61A-6C22-438A-99FF-A598575D6B6B}.Release|Mixed Platforms.Build.0 = Release|Any CPU
		{A8D6C61A-6C22-438A-99FF-A598575D6B6B}.Release|Win32.ActiveCfg = Release|Any CPU
		{8DB06A46-1F6A-43B8-B885-E3B8C26F24A6}.Debug|Any CPU.ActiveCfg = Debug|Any CPU
		{8DB06A46-1F6A-43B8-B885-E3B8C26F24A6}.Debug|Any CPU.Build.0 = Debug|Any CPU
		{8DB06A46-1F6A-43B8-B885-E3B8C26F24A6}.Debug|Mixed Platforms.ActiveCfg = Debug|Any CPU
		{8DB06A46-1F6A-43B8-B885-E3B8C26F24A6}.Debug|Mixed Platforms.Build.0 = Debug|Any CPU
		{8DB06A46-1F6A-43B8-B885-E3B8C26F24A6}.Debug|Win32.ActiveCfg = Debug|Any CPU
		{8DB06A46-1F6A-43B8-B885-E3B8C26F24A6}.Release|Any CPU.ActiveCfg = Release|Any CPU
		{8DB06A46-1F6A-43B8-B885-E3B8C26F24A6}.Release|Any CPU.Build.0 = Release|Any CPU
		{8DB06A46-1F6A-43B8-B885-E3B8C26F24A6}.Release|Mixed Platforms.ActiveCfg = Release|Any CPU
		{8DB06A46-1F6A-43B8-B885-E3B8C26F24A6}.Release|Mixed Platforms.Build.0 = Release|Any CPU
		{8DB06A46-1F6A-43B8-B885-E3B8C26F24A6}.Release|Win32.ActiveCfg = Release|Any CPU
		{AB930CED-76D7-4789-9EC9-F1BEA06F7ED0}.Debug|Any CPU.ActiveCfg = Debug|Any CPU
		{AB930CED-76D7-4789-9EC9-F1BEA06F7ED0}.Debug|Any CPU.Build.0 = Debug|Any CPU
		{AB930CED-76D7-4789-9EC9-F1BEA06F7ED0}.Debug|Mixed Platforms.ActiveCfg = Debug|Any CPU
		{AB930CED-76D7-4789-9EC9-F1BEA06F7ED0}.Debug|Mixed Platforms.Build.0 = Debug|Any CPU
		{AB930CED-76D7-4789-9EC9-F1BEA06F7ED0}.Debug|Win32.ActiveCfg = Debug|Any CPU
		{AB930CED-76D7-4789-9EC9-F1BEA06F7ED0}.Release|Any CPU.ActiveCfg = Release|Any CPU
		{AB930CED-76D7-4789-9EC9-F1BEA06F7ED0}.Release|Any CPU.Build.0 = Release|Any CPU
		{AB930CED-76D7-4789-9EC9-F1BEA06F7ED0}.Release|Mixed Platforms.ActiveCfg = Release|Any CPU
		{AB930CED-76D7-4789-9EC9-F1BEA06F7ED0}.Release|Mixed Platforms.Build.0 = Release|Any CPU
		{AB930CED-76D7-4789-9EC9-F1BEA06F7ED0}.Release|Win32.ActiveCfg = Release|Any CPU
	EndGlobalSection
	GlobalSection(SolutionProperties) = preSolution
		HideSolutionNode = FALSE
	EndGlobalSection
	GlobalSection(NestedProjects) = preSolution
		{7B30ECE6-DFFB-477F-B0DA-58AED795687B} = {8D435E3F-331D-4C47-8DF7-C7EB37B4018F}
		{E8DB7C60-3532-4CE4-B527-9EE4270B5890} = {8D435E3F-331D-4C47-8DF7-C7EB37B4018F}
		{0D10F093-09C6-4F15-B904-8023B55630CF} = {8D435E3F-331D-4C47-8DF7-C7EB37B4018F}
		{2BFB5DFD-3BCF-45B9-92D2-E7A24A3343A7} = {8D435E3F-331D-4C47-8DF7-C7EB37B4018F}
		{6067CAE1-406C-44F2-8B68-823595B491C5} = {8D435E3F-331D-4C47-8DF7-C7EB37B4018F}
		{DD4377A0-3082-4F4E-BF11-FD95D6B6B798} = {8D435E3F-331D-4C47-8DF7-C7EB37B4018F}
		{A8D6C61A-6C22-438A-99FF-A598575D6B6B} = {8D435E3F-331D-4C47-8DF7-C7EB37B4018F}
		{8DB06A46-1F6A-43B8-B885-E3B8C26F24A6} = {8D435E3F-331D-4C47-8DF7-C7EB37B4018F}
		{AB930CED-76D7-4789-9EC9-F1BEA06F7ED0} = {8ECE2436-400E-4192-A762-13D9393B8005}
	EndGlobalSection
EndGlobal
