
Microsoft Visual Studio Solution File, Format Version 12.00
# Visual Studio 2012
Project("{2150E333-8FDC-42A3-9474-1A3956D46DE8}") = "Server", "Server", "{8D435E3F-331D-4C47-8DF7-C7EB37B4018F}"
EndProject
Project("{2150E333-8FDC-42A3-9474-1A3956D46DE8}") = "Client", "Client", "{8ECE2436-400E-4192-A762-13D9393B8005}"
EndProject
Project("{FAE04EC0-301F-11D3-BF4B-00C04F79EFBC}") = "SextantTG.Model", "SextantTG.Model\SextantTG.Model.csproj", "{2126E95B-3423-462B-A705-04055C1FAE39}"
EndProject
Project("{FAE04EC0-301F-11D3-BF4B-00C04F79EFBC}") = "SextantTG.IDAL", "SextantTG.IDAL\SextantTG.IDAL.csproj", "{7B30ECE6-DFFB-477F-B0DA-58AED795687B}"
EndProject
Project("{FAE04EC0-301F-11D3-BF4B-00C04F79EFBC}") = "SextantTG.SQLiteDAL", "SextantTG.SQLiteDAL\SextantTG.SQLiteDAL.csproj", "{E8DB7C60-3532-4CE4-B527-9EE4270B5890}"
EndProject
Project("{FAE04EC0-301F-11D3-BF4B-00C04F79EFBC}") = "SextantTG.DBUtil", "SextantTG.DBUtil\SextantTG.DBUtil.csproj", "{0D10F093-09C6-4F15-B904-8023B55630CF}"
EndProject
Global
	GlobalSection(SolutionConfigurationPlatforms) = preSolution
		Debug|Any CPU = Debug|Any CPU
		Debug|Mixed Platforms = Debug|Mixed Platforms
		Debug|Win32 = Debug|Win32
		Release|Any CPU = Release|Any CPU
		Release|Mixed Platforms = Release|Mixed Platforms
		Release|Win32 = Release|Win32
	EndGlobalSection
	GlobalSection(ProjectConfigurationPlatforms) = postSolution
		{2126E95B-3423-462B-A705-04055C1FAE39}.Debug|Any CPU.ActiveCfg = Debug|Any CPU
		{2126E95B-3423-462B-A705-04055C1FAE39}.Debug|Any CPU.Build.0 = Debug|Any CPU
		{2126E95B-3423-462B-A705-04055C1FAE39}.Debug|Mixed Platforms.ActiveCfg = Debug|Any CPU
		{2126E95B-3423-462B-A705-04055C1FAE39}.Debug|Mixed Platforms.Build.0 = Debug|Any CPU
		{2126E95B-3423-462B-A705-04055C1FAE39}.Debug|Win32.ActiveCfg = Debug|Any CPU
		{2126E95B-3423-462B-A705-04055C1FAE39}.Release|Any CPU.ActiveCfg = Release|Any CPU
		{2126E95B-3423-462B-A705-04055C1FAE39}.Release|Any CPU.Build.0 = Release|Any CPU
		{2126E95B-3423-462B-A705-04055C1FAE39}.Release|Mixed Platforms.ActiveCfg = Release|Any CPU
		{2126E95B-3423-462B-A705-04055C1FAE39}.Release|Mixed Platforms.Build.0 = Release|Any CPU
		{2126E95B-3423-462B-A705-04055C1FAE39}.Release|Win32.ActiveCfg = Release|Any CPU
		{7B30ECE6-DFFB-477F-B0DA-58AED795687B}.Debug|Any CPU.ActiveCfg = Debug|Any CPU
		{7B30ECE6-DFFB-477F-B0DA-58AED795687B}.Debug|Any CPU.Build.0 = Debug|Any CPU
		{7B30ECE6-DFFB-477F-B0DA-58AED795687B}.Debug|Mixed Platforms.ActiveCfg = Debug|Any CPU
		{7B30ECE6-DFFB-477F-B0DA-58AED795687B}.Debug|Mixed Platforms.Build.0 = Debug|Any CPU
		{7B30ECE6-DFFB-477F-B0DA-58AED795687B}.Debug|Win32.ActiveCfg = Debug|Any CPU
		{7B30ECE6-DFFB-477F-B0DA-58AED795687B}.Release|Any CPU.ActiveCfg = Release|Any CPU
		{7B30ECE6-DFFB-477F-B0DA-58AED795687B}.Release|Any CPU.Build.0 = Release|Any CPU
		{7B30ECE6-DFFB-477F-B0DA-58AED795687B}.Release|Mixed Platforms.ActiveCfg = Release|Any CPU
		{7B30ECE6-DFFB-477F-B0DA-58AED795687B}.Release|Mixed Platforms.Build.0 = Release|Any CPU
		{7B30ECE6-DFFB-477F-B0DA-58AED795687B}.Release|Win32.ActiveCfg = Release|Any CPU
		{E8DB7C60-3532-4CE4-B527-9EE4270B5890}.Debug|Any CPU.ActiveCfg = Debug|Any CPU
		{E8DB7C60-3532-4CE4-B527-9EE4270B5890}.Debug|Any CPU.Build.0 = Debug|Any CPU
		{E8DB7C60-3532-4CE4-B527-9EE4270B5890}.Debug|Mixed Platforms.ActiveCfg = Debug|Any CPU
		{E8DB7C60-3532-4CE4-B527-9EE4270B5890}.Debug|Mixed Platforms.Build.0 = Debug|Any CPU
		{E8DB7C60-3532-4CE4-B527-9EE4270B5890}.Debug|Win32.ActiveCfg = Debug|Any CPU
		{E8DB7C60-3532-4CE4-B527-9EE4270B5890}.Release|Any CPU.ActiveCfg = Release|Any CPU
		{E8DB7C60-3532-4CE4-B527-9EE4270B5890}.Release|Any CPU.Build.0 = Release|Any CPU
		{E8DB7C60-3532-4CE4-B527-9EE4270B5890}.Release|Mixed Platforms.ActiveCfg = Release|Any CPU
		{E8DB7C60-3532-4CE4-B527-9EE4270B5890}.Release|Mixed Platforms.Build.0 = Release|Any CPU
		{E8DB7C60-3532-4CE4-B527-9EE4270B5890}.Release|Win32.ActiveCfg = Release|Any CPU
		{0D10F093-09C6-4F15-B904-8023B55630CF}.Debug|Any CPU.ActiveCfg = Debug|Any CPU
		{0D10F093-09C6-4F15-B904-8023B55630CF}.Debug|Any CPU.Build.0 = Debug|Any CPU
		{0D10F093-09C6-4F15-B904-8023B55630CF}.Debug|Mixed Platforms.ActiveCfg = Debug|Any CPU
		{0D10F093-09C6-4F15-B904-8023B55630CF}.Debug|Mixed Platforms.Build.0 = Debug|Any CPU
		{0D10F093-09C6-4F15-B904-8023B55630CF}.Debug|Win32.ActiveCfg = Debug|Any CPU
		{0D10F093-09C6-4F15-B904-8023B55630CF}.Release|Any CPU.ActiveCfg = Release|Any CPU
		{0D10F093-09C6-4F15-B904-8023B55630CF}.Release|Any CPU.Build.0 = Release|Any CPU
		{0D10F093-09C6-4F15-B904-8023B55630CF}.Release|Mixed Platforms.ActiveCfg = Release|Any CPU
		{0D10F093-09C6-4F15-B904-8023B55630CF}.Release|Mixed Platforms.Build.0 = Release|Any CPU
		{0D10F093-09C6-4F15-B904-8023B55630CF}.Release|Win32.ActiveCfg = Release|Any CPU
	EndGlobalSection
	GlobalSection(SolutionProperties) = preSolution
		HideSolutionNode = FALSE
	EndGlobalSection
	GlobalSection(NestedProjects) = preSolution
		{2126E95B-3423-462B-A705-04055C1FAE39} = {8D435E3F-331D-4C47-8DF7-C7EB37B4018F}
		{7B30ECE6-DFFB-477F-B0DA-58AED795687B} = {8D435E3F-331D-4C47-8DF7-C7EB37B4018F}
		{E8DB7C60-3532-4CE4-B527-9EE4270B5890} = {8D435E3F-331D-4C47-8DF7-C7EB37B4018F}
		{0D10F093-09C6-4F15-B904-8023B55630CF} = {8D435E3F-331D-4C47-8DF7-C7EB37B4018F}
	EndGlobalSection
EndGlobal
